// !$*UTF8*$!
{
	archiveVersion = 1;
	classes = {
	};
	objectVersion = 56;
	objects = {

/* Begin PBXBuildFile section */
		300000000000000000000001 /* IOSFoundationApp.swift in Sources */ = {isa = PBXBuildFile; fileRef = 200000000000000000000001 /* IOSFoundationApp.swift */; };
		300000000000000000000002 /* RootView.swift in Sources */ = {isa = PBXBuildFile; fileRef = 200000000000000000000002 /* RootView.swift */; };
		300000000000000000000003 /* AppEnvironment.swift in Sources */ = {isa = PBXBuildFile; fileRef = 200000000000000000000003 /* AppEnvironment.swift */; };
		300000000000000000000004 /* AppEnvironmentTests.swift in Sources */ = {isa = PBXBuildFile; fileRef = 200000000000000000000004 /* AppEnvironmentTests.swift */; };
		300000000000000000000005 /* IOSFoundationUITests.swift in Sources */ = {isa = PBXBuildFile; fileRef = 200000000000000000000005 /* IOSFoundationUITests.swift */; };
		300000000000000000000006 /* AppContainer.swift in Sources */ = {isa = PBXBuildFile; fileRef = 200000000000000000000006 /* AppContainer.swift */; };
		300000000000000000000007 /* AppConfiguration.swift in Sources */ = {isa = PBXBuildFile; fileRef = 200000000000000000000007 /* AppConfiguration.swift */; };
		300000000000000000000008 /* AppError.swift in Sources */ = {isa = PBXBuildFile; fileRef = 200000000000000000000008 /* AppError.swift */; };
		300000000000000000000009 /* AppLogger.swift in Sources */ = {isa = PBXBuildFile; fileRef = 200000000000000000000009 /* AppLogger.swift */; };
		300000000000000000000010 /* HTTPClient.swift in Sources */ = {isa = PBXBuildFile; fileRef = 200000000000000000000010 /* HTTPClient.swift */; };
		300000000000000000000011 /* KeyValueStore.swift in Sources */ = {isa = PBXBuildFile; fileRef = 200000000000000000000011 /* KeyValueStore.swift */; };
		300000000000000000000012 /* FoundationStatusView.swift in Sources */ = {isa = PBXBuildFile; fileRef = 200000000000000000000012 /* FoundationStatusView.swift */; };
		300000000000000000000013 /* AppConfigurationTests.swift in Sources */ = {isa = PBXBuildFile; fileRef = 200000000000000000000013 /* AppConfigurationTests.swift */; };
/* End PBXBuildFile section */

/* Begin PBXContainerItemProxy section */
		800000000000000000000001 /* PBXContainerItemProxy */ = {
			isa = PBXContainerItemProxy;
			containerPortal = 100000000000000000000001 /* Project object */;
			proxyType = 1;
			remoteGlobalIDString = 700000000000000000000001;
			remoteInfo = IOSFoundation;
		};
		800000000000000000000002 /* PBXContainerItemProxy */ = {
			isa = PBXContainerItemProxy;
			containerPortal = 100000000000000000000001 /* Project object */;
			proxyType = 1;
			remoteGlobalIDString = 700000000000000000000001;
			remoteInfo = IOSFoundation;
		};
/* End PBXContainerItemProxy section */

/* Begin PBXFileReference section */
		200000000000000000000001 /* IOSFoundationApp.swift */ = {isa = PBXFileReference; lastKnownFileType = sourcecode.swift; path = IOSFoundationApp.swift; sourceTree = "<group>"; };
		200000000000000000000002 /* RootView.swift */ = {isa = PBXFileReference; lastKnownFileType = sourcecode.swift; path = RootView.swift; sourceTree = "<group>"; };
		200000000000000000000003 /* AppEnvironment.swift */ = {isa = PBXFileReference; lastKnownFileType = sourcecode.swift; path = AppEnvironment.swift; sourceTree = "<group>"; };
		200000000000000000000004 /* AppEnvironmentTests.swift */ = {isa = PBXFileReference; lastKnownFileType = sourcecode.swift; path = AppEnvironmentTests.swift; sourceTree = "<group>"; };
		200000000000000000000005 /* IOSFoundationUITests.swift */ = {isa = PBXFileReference; lastKnownFileType = sourcecode.swift; path = IOSFoundationUITests.swift; sourceTree = "<group>"; };
		200000000000000000000006 /* AppContainer.swift */ = {isa = PBXFileReference; lastKnownFileType = sourcecode.swift; path = AppContainer.swift; sourceTree = "<group>"; };
		200000000000000000000007 /* AppConfiguration.swift */ = {isa = PBXFileReference; lastKnownFileType = sourcecode.swift; path = AppConfiguration.swift; sourceTree = "<group>"; };
		200000000000000000000008 /* AppError.swift */ = {isa = PBXFileReference; lastKnownFileType = sourcecode.swift; path = AppError.swift; sourceTree = "<group>"; };
		200000000000000000000009 /* AppLogger.swift */ = {isa = PBXFileReference; lastKnownFileType = sourcecode.swift; path = AppLogger.swift; sourceTree = "<group>"; };
		200000000000000000000010 /* HTTPClient.swift */ = {isa = PBXFileReference; lastKnownFileType = sourcecode.swift; path = HTTPClient.swift; sourceTree = "<group>"; };
		200000000000000000000011 /* KeyValueStore.swift */ = {isa = PBXFileReference; lastKnownFileType = sourcecode.swift; path = KeyValueStore.swift; sourceTree = "<group>"; };
		200000000000000000000012 /* FoundationStatusView.swift */ = {isa = PBXFileReference; lastKnownFileType = sourcecode.swift; path = FoundationStatusView.swift; sourceTree = "<group>"; };
		200000000000000000000013 /* AppConfigurationTests.swift */ = {isa = PBXFileReference; lastKnownFileType = sourcecode.swift; path = AppConfigurationTests.swift; sourceTree = "<group>"; };
		200000000000000000000020 /* Base.xcconfig */ = {isa = PBXFileReference; lastKnownFileType = text.xcconfig; path = Base.xcconfig; sourceTree = "<group>"; };
		200000000000000000000021 /* Debug.xcconfig */ = {isa = PBXFileReference; lastKnownFileType = text.xcconfig; path = Debug.xcconfig; sourceTree = "<group>"; };
		200000000000000000000022 /* Release.xcconfig */ = {isa = PBXFileReference; lastKnownFileType = text.xcconfig; path = Release.xcconfig; sourceTree = "<group>"; };
		200000000000000000000101 /* IOSFoundation.app */ = {isa = PBXFileReference; explicitFileType = wrapper.application; includeInIndex = 0; path = IOSFoundation.app; sourceTree = BUILT_PRODUCTS_DIR; };
		200000000000000000000102 /* IOSFoundationTests.xctest */ = {isa = PBXFileReference; explicitFileType = wrapper.cfbundle; includeInIndex = 0; path = IOSFoundationTests.xctest; sourceTree = BUILT_PRODUCTS_DIR; };
		200000000000000000000103 /* IOSFoundationUITests.xctest */ = {isa = PBXFileReference; explicitFileType = wrapper.cfbundle; includeInIndex = 0; path = IOSFoundationUITests.xctest; sourceTree = BUILT_PRODUCTS_DIR; };
/* End PBXFileReference section */

/* Begin PBXFrameworksBuildPhase section */
		400000000000000000000002 /* Frameworks */ = {isa = PBXFrameworksBuildPhase; buildActionMask = 2147483647; files = (); runOnlyForDeploymentPostprocessing = 0; };
		400000000000000000000005 /* Frameworks */ = {isa = PBXFrameworksBuildPhase; buildActionMask = 2147483647; files = (); runOnlyForDeploymentPostprocessing = 0; };
		400000000000000000000008 /* Frameworks */ = {isa = PBXFrameworksBuildPhase; buildActionMask = 2147483647; files = (); runOnlyForDeploymentPostprocessing = 0; };
/* End PBXFrameworksBuildPhase section */

/* Begin PBXGroup section */
		100000000000000000000002 = {
			isa = PBXGroup;
			children = (
				100000000000000000000007 /* Configuration */,
				100000000000000000000004 /* IOSFoundation */,
				100000000000000000000005 /* IOSFoundationTests */,
				100000000000000000000006 /* IOSFoundationUITests */,
				100000000000000000000003 /* Products */,
			);
			sourceTree = "<group>";
		};
		100000000000000000000003 /* Products */ = {
			isa = PBXGroup;
			children = (
				200000000000000000000101 /* IOSFoundation.app */,
				200000000000000000000102 /* IOSFoundationTests.xctest */,
				200000000000000000000103 /* IOSFoundationUITests.xctest */,
			);
			name = Products;
			sourceTree = "<group>";
		};
		100000000000000000000004 /* IOSFoundation */ = {
			isa = PBXGroup;
			children = (
				100000000000000000000008 /* App */,
				100000000000000000000009 /* Core */,
				100000000000000000000010 /* Features */,
				100000000000000000000011 /* Services */,
				100000000000000000000012 /* Resources */,
			);
			path = IOSFoundation;
			sourceTree = "<group>";
		};
		100000000000000000000005 /* IOSFoundationTests */ = {
			isa = PBXGroup;
			children = (
				200000000000000000000004 /* AppEnvironmentTests.swift */,
				200000000000000000000013 /* AppConfigurationTests.swift */,
			);
			path = IOSFoundationTests;
			sourceTree = "<group>";
		};
		100000000000000000000006 /* IOSFoundationUITests */ = {
			isa = PBXGroup;
			children = (
				200000000000000000000005 /* IOSFoundationUITests.swift */,
			);
			path = IOSFoundationUITests;
			sourceTree = "<group>";
		};
		100000000000000000000007 /* Configuration */ = {
			isa = PBXGroup;
			children = (
				200000000000000000000020 /* Base.xcconfig */,
				200000000000000000000021 /* Debug.xcconfig */,
				200000000000000000000022 /* Release.xcconfig */,
			);
			path = Configuration;
			sourceTree = "<group>";
		};
		100000000000000000000008 /* App */ = {
			isa = PBXGroup;
			children = (
				200000000000000000000001 /* IOSFoundationApp.swift */,
				200000000000000000000002 /* RootView.swift */,
				200000000000000000000003 /* AppEnvironment.swift */,
				200000000000000000000006 /* AppContainer.swift */,
			);
			path = App;
			sourceTree = "<group>";
		};
		100000000000000000000009 /* Core */ = {
			isa = PBXGroup;
			children = (
				100000000000000000000013 /* Configuration */,
				100000000000000000000014 /* Errors */,
				100000000000000000000015 /* Logging */,
			);
			path = Core;
			sourceTree = "<group>";
		};
		100000000000000000000010 /* Features */ = {
			isa = PBXGroup;
			children = (
				100000000000000000000016 /* FoundationStatus */,
			);
			path = Features;
			sourceTree = "<group>";
		};
		100000000000000000000011 /* Services */ = {
			isa = PBXGroup;
			children = (
				100000000000000000000017 /* Networking */,
				100000000000000000000018 /* Persistence */,
			);
			path = Services;
			sourceTree = "<group>";
		};
		100000000000000000000012 /* Resources */ = {isa = PBXGroup; children = (); path = Resources; sourceTree = "<group>"; };
		100000000000000000000013 /* Configuration */ = {isa = PBXGroup; children = (200000000000000000000007 /* AppConfiguration.swift */); path = Configuration; sourceTree = "<group>"; };
		100000000000000000000014 /* Errors */ = {isa = PBXGroup; children = (200000000000000000000008 /* AppError.swift */); path = Errors; sourceTree = "<group>"; };
		100000000000000000000015 /* Logging */ = {isa = PBXGroup; children = (200000000000000000000009 /* AppLogger.swift */); path = Logging; sourceTree = "<group>"; };
		100000000000000000000016 /* FoundationStatus */ = {isa = PBXGroup; children = (200000000000000000000012 /* FoundationStatusView.swift */); path = FoundationStatus; sourceTree = "<group>"; };
		100000000000000000000017 /* Networking */ = {isa = PBXGroup; children = (200000000000000000000010 /* HTTPClient.swift */); path = Networking; sourceTree = "<group>"; };
		100000000000000000000018 /* Persistence */ = {isa = PBXGroup; children = (200000000000000000000011 /* KeyValueStore.swift */); path = Persistence; sourceTree = "<group>"; };
/* End PBXGroup section */

/* Begin PBXNativeTarget section */
		700000000000000000000001 /* IOSFoundation */ = {
			isa = PBXNativeTarget;
			buildConfigurationList = 500000000000000000000002 /* Build configuration list for PBXNativeTarget "IOSFoundation" */;
			buildPhases = (
				400000000000000000000001 /* Sources */,
				400000000000000000000002 /* Frameworks */,
				400000000000000000000003 /* Resources */,
			);
			buildRules = ();
			dependencies = ();
			name = IOSFoundation;
			productName = IOSFoundation;
			productReference = 200000000000000000000101 /* IOSFoundation.app */;
			productType = "com.apple.product-type.application";
		};
		700000000000000000000002 /* IOSFoundationTests */ = {
			isa = PBXNativeTarget;
			buildConfigurationList = 500000000000000000000003 /* Build configuration list for PBXNativeTarget "IOSFoundationTests" */;
			buildPhases = (
				400000000000000000000004 /* Sources */,
				400000000000000000000005 /* Frameworks */,
				400000000000000000000006 /* Resources */,
			);
			buildRules = ();
			dependencies = (
				900000000000000000000001 /* PBXTargetDependency */,
			);
			name = IOSFoundationTests;
			productName = IOSFoundationTests;
			productReference = 200000000000000000000102 /* IOSFoundationTests.xctest */;
			productType = "com.apple.product-type.bundle.unit-test";
		};
		700000000000000000000003 /* IOSFoundationUITests */ = {
			isa = PBXNativeTarget;
			buildConfigurationList = 500000000000000000000004 /* Build configuration list for PBXNativeTarget "IOSFoundationUITests" */;
			buildPhases = (
				400000000000000000000007 /* Sources */,
				400000000000000000000008 /* Frameworks */,
				400000000000000000000009 /* Resources */,
			);
			buildRules = ();
			dependencies = (
				900000000000000000000002 /* PBXTargetDependency */,
			);
			name = IOSFoundationUITests;
			productName = IOSFoundationUITests;
			productReference = 200000000000000000000103 /* IOSFoundationUITests.xctest */;
			productType = "com.apple.product-type.bundle.ui-testing";
		};
/* End PBXNativeTarget section */

/* Begin PBXProject section */
		100000000000000000000001 /* Project object */ = {
			isa = PBXProject;
			attributes = {
				BuildIndependentTargetsInParallel = 1;
				LastSwiftUpdateCheck = 2600;
				LastUpgradeCheck = 2600;
				TargetAttributes = {
					700000000000000000000001 = { CreatedOnToolsVersion = 26.0; };
					700000000000000000000002 = { CreatedOnToolsVersion = 26.0; TestTargetID = 700000000000000000000001; };
					700000000000000000000003 = { CreatedOnToolsVersion = 26.0; TestTargetID = 700000000000000000000001; };
				};
			};
			buildConfigurationList = 500000000000000000000001 /* Build configuration list for PBXProject "IOSFoundation" */;
			compatibilityVersion = "Xcode 14.0";
			developmentRegion = en;
			hasScannedForEncodings = 0;
			knownRegions = (en, Base);
			mainGroup = 100000000000000000000002;
			productRefGroup = 100000000000000000000003 /* Products */;
			projectDirPath = "";
			projectRoot = "";
			targets = (
				700000000000000000000001 /* IOSFoundation */,
				700000000000000000000002 /* IOSFoundationTests */,
				700000000000000000000003 /* IOSFoundationUITests */,
			);
		};
/* End PBXProject section */

/* Begin PBXResourcesBuildPhase section */
		400000000000000000000003 /* Resources */ = {isa = PBXResourcesBuildPhase; buildActionMask = 2147483647; files = (); runOnlyForDeploymentPostprocessing = 0; };
		400000000000000000000006 /* Resources */ = {isa = PBXResourcesBuildPhase; buildActionMask = 2147483647; files = (); runOnlyForDeploymentPostprocessing = 0; };
		400000000000000000000009 /* Resources */ = {isa = PBXResourcesBuildPhase; buildActionMask = 2147483647; files = (); runOnlyForDeploymentPostprocessing = 0; };
/* End PBXResourcesBuildPhase section */

/* Begin PBXSourcesBuildPhase section */
		400000000000000000000001 /* Sources */ = {
			isa = PBXSourcesBuildPhase;
			buildActionMask = 2147483647;
			files = (
				300000000000000000000001 /* IOSFoundationApp.swift in Sources */,
				300000000000000000000002 /* RootView.swift in Sources */,
				300000000000000000000003 /* AppEnvironment.swift in Sources */,
				300000000000000000000006 /* AppContainer.swift in Sources */,
				300000000000000000000007 /* AppConfiguration.swift in Sources */,
				300000000000000000000008 /* AppError.swift in Sources */,
				300000000000000000000009 /* AppLogger.swift in Sources */,
				300000000000000000000010 /* HTTPClient.swift in Sources */,
				300000000000000000000011 /* KeyValueStore.swift in Sources */,
				300000000000000000000012 /* FoundationStatusView.swift in Sources */,
			);
			runOnlyForDeploymentPostprocessing = 0;
		};
		400000000000000000000004 /* Sources */ = {
			isa = PBXSourcesBuildPhase;
			buildActionMask = 2147483647;
			files = (
				300000000000000000000004 /* AppEnvironmentTests.swift in Sources */,
				300000000000000000000013 /* AppConfigurationTests.swift in Sources */,
			);
			runOnlyForDeploymentPostprocessing = 0;
		};
		400000000000000000000007 /* Sources */ = {
			isa = PBXSourcesBuildPhase;
			buildActionMask = 2147483647;
			files = (
				300000000000000000000005 /* IOSFoundationUITests.swift in Sources */,
			);
			runOnlyForDeploymentPostprocessing = 0;
		};
/* End PBXSourcesBuildPhase section */

/* Begin PBXTargetDependency section */
		900000000000000000000001 /* PBXTargetDependency */ = {isa = PBXTargetDependency; target = 700000000000000000000001 /* IOSFoundation */; targetProxy = 800000000000000000000001 /* PBXContainerItemProxy */; };
		900000000000000000000002 /* PBXTargetDependency */ = {isa = PBXTargetDependency; target = 700000000000000000000001 /* IOSFoundation */; targetProxy = 800000000000000000000002 /* PBXContainerItemProxy */; };
/* End PBXTargetDependency section */

/* Begin XCBuildConfiguration section */
		600000000000000000000001 /* Debug */ = {
			isa = XCBuildConfiguration;
			baseConfigurationReference = 200000000000000000000021 /* Debug.xcconfig */;
			buildSettings = {
				ALWAYS_SEARCH_USER_PATHS = NO;
				ASSETCATALOG_COMPILER_GENERATE_SWIFT_ASSET_SYMBOL_EXTENSIONS = YES;
				CLANG_ANALYZER_NONNULL = YES;
				CLANG_ANALYZER_NUMBER_OBJECT_CONVERSION = YES_AGGRESSIVE;
				CLANG_CXX_LANGUAGE_STANDARD = "gnu++20";
				CLANG_ENABLE_MODULES = YES;
				CLANG_ENABLE_OBJC_ARC = YES;
				CLANG_WARN_BLOCK_CAPTURE_AUTORELEASING = YES;
				CLANG_WARN_BOOL_CONVERSION = YES;
				CLANG_WARN_COMMA = YES;
				CLANG_WARN_CONSTANT_CONVERSION = YES;
				CLANG_WARN_DEPRECATED_OBJC_IMPLEMENTATIONS = YES;
				CLANG_WARN_DIRECT_OBJC_ISA_USAGE = YES_ERROR;
				CLANG_WARN_DOCUMENTATION_COMMENTS = YES;
				CLANG_WARN_EMPTY_BODY = YES;
				CLANG_WARN_ENUM_CONVERSION = YES;
				CLANG_WARN_INFINITE_RECURSION = YES;
				CLANG_WARN_INT_CONVERSION = YES;
				CLANG_WARN_NON_LITERAL_NULL_CONVERSION = YES;
				CLANG_WARN_OBJC_IMPLICIT_RETAIN_SELF = YES;
				CLANG_WARN_OBJC_LITERAL_CONVERSION = YES;
				CLANG_WARN_OBJC_ROOT_CLASS = YES_ERROR;
				CLANG_WARN_QUOTED_INCLUDE_IN_FRAMEWORK_HEADER = YES;
				CLANG_WARN_RANGE_LOOP_ANALYSIS = YES;
				CLANG_WARN_STRICT_PROTOTYPES = YES;
				CLANG_WARN_SUSPICIOUS_MOVE = YES;
				CLANG_WARN_UNGUARDED_AVAILABILITY = YES_AGGRESSIVE;
				CLANG_WARN_UNREACHABLE_CODE = YES;
				CLANG_WARN__DUPLICATE_METHOD_MATCH = YES;
				COPY_PHASE_STRIP = NO;
				DEBUG_INFORMATION_FORMAT = dwarf;
				ENABLE_STRICT_OBJC_MSGSEND = YES;
				ENABLE_TESTABILITY = YES;
				ENABLE_USER_SCRIPT_SANDBOXING = YES;
				GCC_C_LANGUAGE_STANDARD = gnu17;
				GCC_NO_COMMON_BLOCKS = YES;
				GCC_WARN_64_TO_32_BIT_CONVERSION = YES;
				GCC_WARN_ABOUT_RETURN_TYPE = YES_ERROR;
				GCC_WARN_UNDECLARED_SELECTOR = YES;
				GCC_WARN_UNINITIALIZED_AUTOS = YES_AGGRESSIVE;
				GCC_WARN_UNUSED_FUNCTION = YES;
				GCC_WARN_UNUSED_VARIABLE = YES;
				MTL_ENABLE_DEBUG_INFO = INCLUDE_SOURCE;
				MTL_FAST_MATH = YES;
				ONLY_ACTIVE_ARCH = YES;
				SDKROOT = iphoneos;
				SWIFT_ACTIVE_COMPILATION_CONDITIONS = "DEBUG $(inherited)";
				SWIFT_OPTIMIZATION_LEVEL = "-Onone";
			};
			name = Debug;
		};
		600000000000000000000002 /* Release */ = {
			isa = XCBuildConfiguration;
			baseConfigurationReference = 200000000000000000000022 /* Release.xcconfig */;
			buildSettings = {
				ALWAYS_SEARCH_USER_PATHS = NO;
				ASSETCATALOG_COMPILER_GENERATE_SWIFT_ASSET_SYMBOL_EXTENSIONS = YES;
				CLANG_ANALYZER_NONNULL = YES;
				CLANG_ANALYZER_NUMBER_OBJECT_CONVERSION = YES_AGGRESSIVE;
				CLANG_CXX_LANGUAGE_STANDARD = "gnu++20";
				CLANG_ENABLE_MODULES = YES;
				CLANG_ENABLE_OBJC_ARC = YES;
				CLANG_WARN_BLOCK_CAPTURE_AUTORELEASING = YES;
				CLANG_WARN_BOOL_CONVERSION = YES;
				CLANG_WARN_COMMA = YES;
				CLANG_WARN_CONSTANT_CONVERSION = YES;
				CLANG_WARN_DEPRECATED_OBJC_IMPLEMENTATIONS = YES;
				CLANG_WARN_DIRECT_OBJC_ISA_USAGE = YES_ERROR;
				CLANG_WARN_DOCUMENTATION_COMMENTS = YES;
				CLANG_WARN_EMPTY_BODY = YES;
				CLANG_WARN_ENUM_CONVERSION = YES;
				CLANG_WARN_INFINITE_RECURSION = YES;
				CLANG_WARN_INT_CONVERSION = YES;
				CLANG_WARN_NON_LITERAL_NULL_CONVERSION = YES;
				CLANG_WARN_OBJC_IMPLICIT_RETAIN_SELF = YES;
				CLANG_WARN_OBJC_LITERAL_CONVERSION = YES;
				CLANG_WARN_OBJC_ROOT_CLASS = YES_ERROR;
				CLANG_WARN_QUOTED_INCLUDE_IN_FRAMEWORK_HEADER = YES;
				CLANG_WARN_RANGE_LOOP_ANALYSIS = YES;
				CLANG_WARN_STRICT_PROTOTYPES = YES;
				CLANG_WARN_SUSPICIOUS_MOVE = YES;
				CLANG_WARN_UNGUARDED_AVAILABILITY = YES_AGGRESSIVE;
				CLANG_WARN_UNREACHABLE_CODE = YES;
				CLANG_WARN__DUPLICATE_METHOD_MATCH = YES;
				COPY_PHASE_STRIP = NO;
				DEBUG_INFORMATION_FORMAT = "dwarf-with-dsym";
				ENABLE_NS_ASSERTIONS = NO;
				ENABLE_STRICT_OBJC_MSGSEND = YES;
				ENABLE_USER_SCRIPT_SANDBOXING = YES;
				GCC_C_LANGUAGE_STANDARD = gnu17;
				GCC_NO_COMMON_BLOCKS = YES;
				GCC_WARN_64_TO_32_BIT_CONVERSION = YES;
				GCC_WARN_ABOUT_RETURN_TYPE = YES_ERROR;
				GCC_WARN_UNDECLARED_SELECTOR = YES;
				GCC_WARN_UNINITIALIZED_AUTOS = YES_AGGRESSIVE;
				GCC_WARN_UNUSED_FUNCTION = YES;
				GCC_WARN_UNUSED_VARIABLE = YES;
				MTL_ENABLE_DEBUG_INFO = NO;
				MTL_FAST_MATH = YES;
				SDKROOT = iphoneos;
				SWIFT_COMPILATION_MODE = wholemodule;
				VALIDATE_PRODUCT = YES;
			};
			name = Release;
		};
		600000000000000000000003 /* Debug */ = {isa = XCBuildConfiguration; buildSettings = { CODE_SIGN_STYLE = Automatic; CURRENT_PROJECT_VERSION = 1; ENABLE_PREVIEWS = YES; GENERATE_INFOPLIST_FILE = YES; INFOPLIST_KEY_APP_CONFIGURATION = "$(APP_CONFIGURATION)"; INFOPLIST_KEY_CFBundleDisplayName = "iOS Foundation"; INFOPLIST_KEY_UIApplicationSceneManifest_Generation = YES; INFOPLIST_KEY_UIApplicationSupportsIndirectInputEvents = YES; INFOPLIST_KEY_UILaunchScreen_Generation = YES; LD_RUNPATH_SEARCH_PATHS = ("$(inherited)", "@executable_path/Frameworks"); MARKETING_VERSION = 0.1.0; PRODUCT_BUNDLE_IDENTIFIER = com.rajalarata.ios; PRODUCT_NAME = "$(TARGET_NAME)"; SWIFT_EMIT_LOC_STRINGS = YES; TARGETED_DEVICE_FAMILY = 1; }; name = Debug; };
		600000000000000000000004 /* Release */ = {isa = XCBuildConfiguration; buildSettings = { CODE_SIGN_STYLE = Automatic; CURRENT_PROJECT_VERSION = 1; GENERATE_INFOPLIST_FILE = YES; INFOPLIST_KEY_APP_CONFIGURATION = "$(APP_CONFIGURATION)"; INFOPLIST_KEY_CFBundleDisplayName = "iOS Foundation"; INFOPLIST_KEY_UIApplicationSceneManifest_Generation = YES; INFOPLIST_KEY_UIApplicationSupportsIndirectInputEvents = YES; INFOPLIST_KEY_UILaunchScreen_Generation = YES; LD_RUNPATH_SEARCH_PATHS = ("$(inherited)", "@executable_path/Frameworks"); MARKETING_VERSION = 0.1.0; PRODUCT_BUNDLE_IDENTIFIER = com.rajalarata.ios; PRODUCT_NAME = "$(TARGET_NAME)"; SWIFT_EMIT_LOC_STRINGS = YES; TARGETED_DEVICE_FAMILY = 1; }; name = Release; };
		600000000000000000000005 /* Debug */ = {isa = XCBuildConfiguration; buildSettings = { BUNDLE_LOADER = "$(TEST_HOST)"; CODE_SIGN_STYLE = Automatic; GENERATE_INFOPLIST_FILE = YES; LD_RUNPATH_SEARCH_PATHS = ("$(inherited)", "@executable_path/Frameworks", "@loader_path/Frameworks"); PRODUCT_BUNDLE_IDENTIFIER = com.rajalarata.ios.tests; PRODUCT_NAME = "$(TARGET_NAME)"; TARGETED_DEVICE_FAMILY = 1; TEST_HOST = "$(BUILT_PRODUCTS_DIR)/IOSFoundation.app/$(BUNDLE_EXECUTABLE_FOLDER_PATH)/IOSFoundation"; }; name = Debug; };
		600000000000000000000006 /* Release */ = {isa = XCBuildConfiguration; buildSettings = { BUNDLE_LOADER = "$(TEST_HOST)"; CODE_SIGN_STYLE = Automatic; GENERATE_INFOPLIST_FILE = YES; LD_RUNPATH_SEARCH_PATHS = ("$(inherited)", "@executable_path/Frameworks", "@loader_path/Frameworks"); PRODUCT_BUNDLE_IDENTIFIER = com.rajalarata.ios.tests; PRODUCT_NAME = "$(TARGET_NAME)"; TARGETED_DEVICE_FAMILY = 1; TEST_HOST = "$(BUILT_PRODUCTS_DIR)/IOSFoundation.app/$(BUNDLE_EXECUTABLE_FOLDER_PATH)/IOSFoundation"; }; name = Release; };
		600000000000000000000007 /* Debug */ = {isa = XCBuildConfiguration; buildSettings = { CODE_SIGN_STYLE = Automatic; GENERATE_INFOPLIST_FILE = YES; LD_RUNPATH_SEARCH_PATHS = ("$(inherited)", "@executable_path/Frameworks", "@loader_path/Frameworks"); PRODUCT_BUNDLE_IDENTIFIER = com.rajalarata.ios.uitests; PRODUCT_NAME = "$(TARGET_NAME)"; TARGETED_DEVICE_FAMILY = 1; TEST_TARGET_NAME = IOSFoundation; }; name = Debug; };
		600000000000000000000008 /* Release */ = {isa = XCBuildConfiguration; buildSettings = { CODE_SIGN_STYLE = Automatic; GENERATE_INFOPLIST_FILE = YES; LD_RUNPATH_SEARCH_PATHS = ("$(inherited)", "@executable_path/Frameworks", "@loader_path/Frameworks"); PRODUCT_BUNDLE_IDENTIFIER = com.rajalarata.ios.uitests; PRODUCT_NAME = "$(TARGET_NAME)"; TARGETED_DEVICE_FAMILY = 1; TEST_TARGET_NAME = IOSFoundation; }; name = Release; };
/* End XCBuildConfiguration section */

/* Begin XCConfigurationList section */
		500000000000000000000001 /* Build configuration list for PBXProject "IOSFoundation" */ = {isa = XCConfigurationList; buildConfigurations = (600000000000000000000001 /* Debug */, 600000000000000000000002 /* Release */); defaultConfigurationIsVisible = 0; defaultConfigurationName = Release; };
		500000000000000000000002 /* Build configuration list for PBXNativeTarget "IOSFoundation" */ = {isa = XCConfigurationList; buildConfigurations = (600000000000000000000003 /* Debug */, 600000000000000000000004 /* Release */); defaultConfigurationIsVisible = 0; defaultConfigurationName = Release; };
		500000000000000000000003 /* Build configuration list for PBXNativeTarget "IOSFoundationTests" */ = {isa = XCConfigurationList; buildConfigurations = (600000000000000000000005 /* Debug */, 600000000000000000000006 /* Release */); defaultConfigurationIsVisible = 0; defaultConfigurationName = Release; };
		500000000000000000000004 /* Build configuration list for PBXNativeTarget "IOSFoundationUITests" */ = {isa = XCConfigurationList; buildConfigurations = (600000000000000000000007 /* Debug */, 600000000000000000000008 /* Release */); defaultConfigurationIsVisible = 0; defaultConfigurationName = Release; };
/* End XCConfigurationList section */
	};
	rootObject = 100000000000000000000001 /* Project object */;
}
